
Microsoft Visual Studio Solution File, Format Version 12.00
# Visual Studio 15
VisualStudioVersion = 15.0.27906.1
MinimumVisualStudioVersion = 10.0.40219.1
Project("{FAE04EC0-301F-11D3-BF4B-00C04F79EFBC}") = "Randify.Server", "Randify.Server\Randify.Server.csproj", "{DA32EA71-6E9E-45F5-B90D-2784C4280982}"
EndProject
Project("{FAE04EC0-301F-11D3-BF4B-00C04F79EFBC}") = "Randify.App", "Randify.App\Randify.App.csproj", "{9505D9B3-9E6A-4861-9F4E-417EF5680434}"
EndProject
Global
	GlobalSection(SolutionConfigurationPlatforms) = preSolution
		Debug|Any CPU = Debug|Any CPU
		Release|Any CPU = Release|Any CPU
	EndGlobalSection
	GlobalSection(ProjectConfigurationPlatforms) = postSolution
		{DA32EA71-6E9E-45F5-B90D-2784C4280982}.Debug|Any CPU.ActiveCfg = Debug|Any CPU
		{DA32EA71-6E9E-45F5-B90D-2784C4280982}.Debug|Any CPU.Build.0 = Debug|Any CPU
		{DA32EA71-6E9E-45F5-B90D-2784C4280982}.Release|Any CPU.ActiveCfg = Release|Any CPU
		{DA32EA71-6E9E-45F5-B90D-2784C4280982}.Release|Any CPU.Build.0 = Release|Any CPU
		{9505D9B3-9E6A-4861-9F4E-417EF5680434}.Debug|Any CPU.ActiveCfg = Debug|Any CPU
		{9505D9B3-9E6A-4861-9F4E-417EF5680434}.Debug|Any CPU.Build.0 = Debug|Any CPU
		{9505D9B3-9E6A-4861-9F4E-417EF5680434}.Release|Any CPU.ActiveCfg = Release|Any CPU
		{9505D9B3-9E6A-4861-9F4E-417EF5680434}.Release|Any CPU.Build.0 = Release|Any CPU
	EndGlobalSection
	GlobalSection(SolutionProperties) = preSolution
		HideSolutionNode = FALSE
	EndGlobalSection
	GlobalSection(ExtensibilityGlobals) = postSolution
		SolutionGuid = {DDE60CF7-2AFA-45E2-8D9A-DEA4D458F848}
	EndGlobalSection
EndGlobal
