
Microsoft Visual Studio Solution File, Format Version 12.00
# Visual Studio 15
VisualStudioVersion = 15.0.27705.2000
MinimumVisualStudioVersion = 10.0.40219.1
Project("{9A19103F-16F7-4668-BE54-9A1E7A4F7556}") = "Randify", "Randify\Randify.csproj", "{5E75EF21-4048-4391-96EA-9752972AEBC3}"
EndProject
Global
	GlobalSection(SolutionConfigurationPlatforms) = preSolution
		Debug|Any CPU = Debug|Any CPU
		Release|Any CPU = Release|Any CPU
	EndGlobalSection
	GlobalSection(ProjectConfigurationPlatforms) = postSolution
		{5E75EF21-4048-4391-96EA-9752972AEBC3}.Debug|Any CPU.ActiveCfg = Debug|Any CPU
		{5E75EF21-4048-4391-96EA-9752972AEBC3}.Debug|Any CPU.Build.0 = Debug|Any CPU
		{5E75EF21-4048-4391-96EA-9752972AEBC3}.Release|Any CPU.ActiveCfg = Release|Any CPU
		{5E75EF21-4048-4391-96EA-9752972AEBC3}.Release|Any CPU.Build.0 = Release|Any CPU
	EndGlobalSection
	GlobalSection(SolutionProperties) = preSolution
		HideSolutionNode = FALSE
	EndGlobalSection
	GlobalSection(ExtensibilityGlobals) = postSolution
		SolutionGuid = {73A95EFB-8E2F-4592-8F7C-B398C80A9985}
	EndGlobalSection
EndGlobal
